// !$*UTF8*$!
{
	archiveVersion = 1;
	classes = {
	};
	objectVersion = 55;
	objects = {

/* Begin PBXBuildFile section */
		AA3837AC275E5960005C0323 /* Extension.swift in Sources */ = {isa = PBXBuildFile; fileRef = AA3837AB275E5960005C0323 /* Extension.swift */; };
		AAB6A9602796D8A800DE26C6 /* LoginButton.swift in Sources */ = {isa = PBXBuildFile; fileRef = AAB6A95F2796D8A800DE26C6 /* LoginButton.swift */; };
		AAB6A9622798066900DE26C6 /* LoginViewController.swift in Sources */ = {isa = PBXBuildFile; fileRef = AAB6A9612798066900DE26C6 /* LoginViewController.swift */; };
		AAB6A964279809E700DE26C6 /* LoginTextField.swift in Sources */ = {isa = PBXBuildFile; fileRef = AAB6A963279809E700DE26C6 /* LoginTextField.swift */; };
		B482FBB2A4C005038D809087 /* Pods_Tita.framework in Frameworks */ = {isa = PBXBuildFile; fileRef = 251ABCF5232EE1ED1774C54C /* Pods_Tita.framework */; };
		C00F5A7D27904747002B34DF /* MainTopView.swift in Sources */ = {isa = PBXBuildFile; fileRef = C00F5A7C27904747002B34DF /* MainTopView.swift */; };
		C0525E5E2792B6E2004FD735 /* MenuCollectionViewCell.swift in Sources */ = {isa = PBXBuildFile; fileRef = C0525E5D2792B6E2004FD735 /* MenuCollectionViewCell.swift */; };
		C0525E622793E99F004FD735 /* MainPostTableViewCell.swift in Sources */ = {isa = PBXBuildFile; fileRef = C0525E612793E99F004FD735 /* MainPostTableViewCell.swift */; };
		C0525E6427947431004FD735 /* EmptyPostView.swift in Sources */ = {isa = PBXBuildFile; fileRef = C0525E6327947431004FD735 /* EmptyPostView.swift */; };
		C059093F2794E0A1002C9056 /* NoticeLabelView.swift in Sources */ = {isa = PBXBuildFile; fileRef = C059093E2794E0A1002C9056 /* NoticeLabelView.swift */; };
		C06F3268275E4F1500F4A97E /* AppDelegate.swift in Sources */ = {isa = PBXBuildFile; fileRef = C06F3267275E4F1500F4A97E /* AppDelegate.swift */; };
		C06F326A275E4F1500F4A97E /* SceneDelegate.swift in Sources */ = {isa = PBXBuildFile; fileRef = C06F3269275E4F1500F4A97E /* SceneDelegate.swift */; };
		C06F3271275E4F1500F4A97E /* Assets.xcassets in Resources */ = {isa = PBXBuildFile; fileRef = C06F3270275E4F1500F4A97E /* Assets.xcassets */; };
		C06F3274275E4F1500F4A97E /* LaunchScreen.storyboard in Resources */ = {isa = PBXBuildFile; fileRef = C06F3272275E4F1500F4A97E /* LaunchScreen.storyboard */; };
		C06F3280275E532100F4A97E /* NotoSans-Bold.ttf in Resources */ = {isa = PBXBuildFile; fileRef = C06F327C275E52B900F4A97E /* NotoSans-Bold.ttf */; };
		C06F3281275E532400F4A97E /* NotoSans-BoldItalic.ttf in Resources */ = {isa = PBXBuildFile; fileRef = C06F327F275E52B900F4A97E /* NotoSans-BoldItalic.ttf */; };
		C06F3282275E532700F4A97E /* NotoSans-Italic.ttf in Resources */ = {isa = PBXBuildFile; fileRef = C06F327E275E52B900F4A97E /* NotoSans-Italic.ttf */; };
		C06F3283275E532A00F4A97E /* NotoSans-Regular.ttf in Resources */ = {isa = PBXBuildFile; fileRef = C06F327D275E52B900F4A97E /* NotoSans-Regular.ttf */; };
		C0D1328527A295E1003E4811 /* TermsAgreementViewController.swift in Sources */ = {isa = PBXBuildFile; fileRef = C0D1328427A295E1003E4811 /* TermsAgreementViewController.swift */; };
		C0D1328727A29930003E4811 /* SignUpDescriptionView.swift in Sources */ = {isa = PBXBuildFile; fileRef = C0D1328627A29930003E4811 /* SignUpDescriptionView.swift */; };
		C0D1328927A42916003E4811 /* BirthDateViewController.swift in Sources */ = {isa = PBXBuildFile; fileRef = C0D1328827A42916003E4811 /* BirthDateViewController.swift */; };
		C0DBC1E7278C4E0900E310D8 /* MainViewController.swift in Sources */ = {isa = PBXBuildFile; fileRef = C0DBC1E6278C4E0900E310D8 /* MainViewController.swift */; };
/* End PBXBuildFile section */

/* Begin PBXFileReference section */
		113E1EBF524BAD834CEFC395 /* Pods-Tita.debug.xcconfig */ = {isa = PBXFileReference; includeInIndex = 1; lastKnownFileType = text.xcconfig; name = "Pods-Tita.debug.xcconfig"; path = "Target Support Files/Pods-Tita/Pods-Tita.debug.xcconfig"; sourceTree = "<group>"; };
		251ABCF5232EE1ED1774C54C /* Pods_Tita.framework */ = {isa = PBXFileReference; explicitFileType = wrapper.framework; includeInIndex = 0; path = Pods_Tita.framework; sourceTree = BUILT_PRODUCTS_DIR; };
		AA3837AB275E5960005C0323 /* Extension.swift */ = {isa = PBXFileReference; lastKnownFileType = sourcecode.swift; path = Extension.swift; sourceTree = "<group>"; };
		AAB6A95F2796D8A800DE26C6 /* LoginButton.swift */ = {isa = PBXFileReference; lastKnownFileType = sourcecode.swift; path = LoginButton.swift; sourceTree = "<group>"; };
		AAB6A9612798066900DE26C6 /* LoginViewController.swift */ = {isa = PBXFileReference; lastKnownFileType = sourcecode.swift; path = LoginViewController.swift; sourceTree = "<group>"; };
		AAB6A963279809E700DE26C6 /* LoginTextField.swift */ = {isa = PBXFileReference; lastKnownFileType = sourcecode.swift; path = LoginTextField.swift; sourceTree = "<group>"; };
		C00F5A7C27904747002B34DF /* MainTopView.swift */ = {isa = PBXFileReference; lastKnownFileType = sourcecode.swift; name = MainTopView.swift; path = Tita/MainTopView.swift; sourceTree = SOURCE_ROOT; };
		C0525E5D2792B6E2004FD735 /* MenuCollectionViewCell.swift */ = {isa = PBXFileReference; lastKnownFileType = sourcecode.swift; name = MenuCollectionViewCell.swift; path = Tita/Views/Cells/MenuCollectionViewCell.swift; sourceTree = SOURCE_ROOT; };
		C0525E612793E99F004FD735 /* MainPostTableViewCell.swift */ = {isa = PBXFileReference; lastKnownFileType = sourcecode.swift; name = MainPostTableViewCell.swift; path = Tita/Views/MainPostTableViewCell.swift; sourceTree = SOURCE_ROOT; };
		C0525E6327947431004FD735 /* EmptyPostView.swift */ = {isa = PBXFileReference; lastKnownFileType = sourcecode.swift; path = EmptyPostView.swift; sourceTree = "<group>"; };
		C059093E2794E0A1002C9056 /* NoticeLabelView.swift */ = {isa = PBXFileReference; lastKnownFileType = sourcecode.swift; path = NoticeLabelView.swift; sourceTree = "<group>"; };
		C06F3264275E4F1500F4A97E /* Tita.app */ = {isa = PBXFileReference; explicitFileType = wrapper.application; includeInIndex = 0; path = Tita.app; sourceTree = BUILT_PRODUCTS_DIR; };
		C06F3267275E4F1500F4A97E /* AppDelegate.swift */ = {isa = PBXFileReference; lastKnownFileType = sourcecode.swift; path = AppDelegate.swift; sourceTree = "<group>"; };
		C06F3269275E4F1500F4A97E /* SceneDelegate.swift */ = {isa = PBXFileReference; lastKnownFileType = sourcecode.swift; path = SceneDelegate.swift; sourceTree = "<group>"; };
		C06F3270275E4F1500F4A97E /* Assets.xcassets */ = {isa = PBXFileReference; lastKnownFileType = folder.assetcatalog; path = Assets.xcassets; sourceTree = "<group>"; };
		C06F3273275E4F1500F4A97E /* Base */ = {isa = PBXFileReference; lastKnownFileType = file.storyboard; name = Base; path = Base.lproj/LaunchScreen.storyboard; sourceTree = "<group>"; };
		C06F3275275E4F1500F4A97E /* Info.plist */ = {isa = PBXFileReference; lastKnownFileType = text.plist.xml; path = Info.plist; sourceTree = "<group>"; };
		C06F327C275E52B900F4A97E /* NotoSans-Bold.ttf */ = {isa = PBXFileReference; lastKnownFileType = file; path = "NotoSans-Bold.ttf"; sourceTree = "<group>"; };
		C06F327D275E52B900F4A97E /* NotoSans-Regular.ttf */ = {isa = PBXFileReference; lastKnownFileType = file; path = "NotoSans-Regular.ttf"; sourceTree = "<group>"; };
		C06F327E275E52B900F4A97E /* NotoSans-Italic.ttf */ = {isa = PBXFileReference; lastKnownFileType = file; path = "NotoSans-Italic.ttf"; sourceTree = "<group>"; };
		C06F327F275E52B900F4A97E /* NotoSans-BoldItalic.ttf */ = {isa = PBXFileReference; lastKnownFileType = file; path = "NotoSans-BoldItalic.ttf"; sourceTree = "<group>"; };
		C0D1328427A295E1003E4811 /* TermsAgreementViewController.swift */ = {isa = PBXFileReference; lastKnownFileType = sourcecode.swift; path = TermsAgreementViewController.swift; sourceTree = "<group>"; };
		C0D1328627A29930003E4811 /* SignUpDescriptionView.swift */ = {isa = PBXFileReference; lastKnownFileType = sourcecode.swift; path = SignUpDescriptionView.swift; sourceTree = "<group>"; };
		C0D1328827A42916003E4811 /* BirthDateViewController.swift */ = {isa = PBXFileReference; lastKnownFileType = sourcecode.swift; path = BirthDateViewController.swift; sourceTree = "<group>"; };
		C0DBC1E6278C4E0900E310D8 /* MainViewController.swift */ = {isa = PBXFileReference; lastKnownFileType = sourcecode.swift; path = MainViewController.swift; sourceTree = "<group>"; };
		CF5D6514FA08B636D80D0304 /* Pods-Tita.release.xcconfig */ = {isa = PBXFileReference; includeInIndex = 1; lastKnownFileType = text.xcconfig; name = "Pods-Tita.release.xcconfig"; path = "Target Support Files/Pods-Tita/Pods-Tita.release.xcconfig"; sourceTree = "<group>"; };
/* End PBXFileReference section */

/* Begin PBXFrameworksBuildPhase section */
		C06F3261275E4F1500F4A97E /* Frameworks */ = {
			isa = PBXFrameworksBuildPhase;
			buildActionMask = 2147483647;
			files = (
				B482FBB2A4C005038D809087 /* Pods_Tita.framework in Frameworks */,
			);
			runOnlyForDeploymentPostprocessing = 0;
		};
/* End PBXFrameworksBuildPhase section */

/* Begin PBXGroup section */
		7F2A7022832E3D3A4BDA1F44 /* Pods */ = {
			isa = PBXGroup;
			children = (
				113E1EBF524BAD834CEFC395 /* Pods-Tita.debug.xcconfig */,
				CF5D6514FA08B636D80D0304 /* Pods-Tita.release.xcconfig */,
			);
			path = Pods;
			sourceTree = "<group>";
		};
		A1DA1FCFD3927B52CE0B3528 /* Frameworks */ = {
			isa = PBXGroup;
			children = (
				251ABCF5232EE1ED1774C54C /* Pods_Tita.framework */,
			);
			name = Frameworks;
			sourceTree = "<group>";
		};
		AA3837AA275E593D005C0323 /* Extension */ = {
			isa = PBXGroup;
			children = (
				AA3837AB275E5960005C0323 /* Extension.swift */,
			);
			path = Extension;
			sourceTree = "<group>";
		};
		AA3837AD275E59AF005C0323 /* Views */ = {
			isa = PBXGroup;
			children = (
				AAB6A95E2796D88F00DE26C6 /* Buttons */,
				AAB6A95D2796D87A00DE26C6 /* TextFields */,
				C0525E5C2792B459004FD735 /* Cells */,
				C00F5A7C27904747002B34DF /* MainTopView.swift */,
				C0525E6327947431004FD735 /* EmptyPostView.swift */,
				C059093E2794E0A1002C9056 /* NoticeLabelView.swift */,
				C0D1328627A29930003E4811 /* SignUpDescriptionView.swift */,
			);
			path = Views;
			sourceTree = "<group>";
		};
		AA3837AE275E59C6005C0323 /* Models */ = {
			isa = PBXGroup;
			children = (
			);
			path = Models;
			sourceTree = "<group>";
		};
		AA3837AF275E59D2005C0323 /* Controllers */ = {
			isa = PBXGroup;
			children = (
				C0DBC1E6278C4E0900E310D8 /* MainViewController.swift */,
				AAB6A9612798066900DE26C6 /* LoginViewController.swift */,
				C0D1328427A295E1003E4811 /* TermsAgreementViewController.swift */,
				C0D1328827A42916003E4811 /* BirthDateViewController.swift */,
			);
			path = Controllers;
			sourceTree = "<group>";
		};
		AA3837B0275E59DE005C0323 /* Resources */ = {
			isa = PBXGroup;
			children = (
				C06F3267275E4F1500F4A97E /* AppDelegate.swift */,
				C06F3269275E4F1500F4A97E /* SceneDelegate.swift */,
				C06F3272275E4F1500F4A97E /* LaunchScreen.storyboard */,
			);
			path = Resources;
			sourceTree = "<group>";
		};
		AAB6A95D2796D87A00DE26C6 /* TextFields */ = {
			isa = PBXGroup;
			children = (
				AAB6A963279809E700DE26C6 /* LoginTextField.swift */,
			);
			path = TextFields;
			sourceTree = "<group>";
		};
		AAB6A95E2796D88F00DE26C6 /* Buttons */ = {
			isa = PBXGroup;
			children = (
				AAB6A95F2796D8A800DE26C6 /* LoginButton.swift */,
			);
			path = Buttons;
			sourceTree = "<group>";
		};
		C0525E5C2792B459004FD735 /* Cells */ = {
			isa = PBXGroup;
			children = (
				C0525E5D2792B6E2004FD735 /* MenuCollectionViewCell.swift */,
				C0525E612793E99F004FD735 /* MainPostTableViewCell.swift */,
			);
			path = Cells;
			sourceTree = "<group>";
		};
		C06F325B275E4F1500F4A97E = {
			isa = PBXGroup;
			children = (
				C06F3266275E4F1500F4A97E /* Tita */,
				C06F3265275E4F1500F4A97E /* Products */,
				7F2A7022832E3D3A4BDA1F44 /* Pods */,
				A1DA1FCFD3927B52CE0B3528 /* Frameworks */,
			);
			sourceTree = "<group>";
		};
		C06F3265275E4F1500F4A97E /* Products */ = {
			isa = PBXGroup;
			children = (
				C06F3264275E4F1500F4A97E /* Tita.app */,
			);
			name = Products;
			sourceTree = "<group>";
		};
		C06F3266275E4F1500F4A97E /* Tita */ = {
			isa = PBXGroup;
			children = (
				AA3837AA275E593D005C0323 /* Extension */,
				C06F327B275E529A00F4A97E /* Fonts */,
				AA3837AE275E59C6005C0323 /* Models */,
				AA3837AD275E59AF005C0323 /* Views */,
				AA3837AF275E59D2005C0323 /* Controllers */,
				AA3837B0275E59DE005C0323 /* Resources */,
				C06F3270275E4F1500F4A97E /* Assets.xcassets */,
				C06F3275275E4F1500F4A97E /* Info.plist */,
			);
			path = Tita;
			sourceTree = "<group>";
		};
		C06F327B275E529A00F4A97E /* Fonts */ = {
			isa = PBXGroup;
			children = (
				C06F327C275E52B900F4A97E /* NotoSans-Bold.ttf */,
				C06F327F275E52B900F4A97E /* NotoSans-BoldItalic.ttf */,
				C06F327E275E52B900F4A97E /* NotoSans-Italic.ttf */,
				C06F327D275E52B900F4A97E /* NotoSans-Regular.ttf */,
			);
			path = Fonts;
			sourceTree = "<group>";
		};
/* End PBXGroup section */

/* Begin PBXNativeTarget section */
		C06F3263275E4F1500F4A97E /* Tita */ = {
			isa = PBXNativeTarget;
			buildConfigurationList = C06F3278275E4F1500F4A97E /* Build configuration list for PBXNativeTarget "Tita" */;
			buildPhases = (
				55C47FABA38FF17C0A53191D /* [CP] Check Pods Manifest.lock */,
				C06F3260275E4F1500F4A97E /* Sources */,
				C06F3261275E4F1500F4A97E /* Frameworks */,
				C06F3262275E4F1500F4A97E /* Resources */,
				2204C25D2A6297F8B4529AE9 /* [CP] Embed Pods Frameworks */,
			);
			buildRules = (
			);
			dependencies = (
			);
			name = Tita;
			productName = Tita;
			productReference = C06F3264275E4F1500F4A97E /* Tita.app */;
			productType = "com.apple.product-type.application";
		};
/* End PBXNativeTarget section */

/* Begin PBXProject section */
		C06F325C275E4F1500F4A97E /* Project object */ = {
			isa = PBXProject;
			attributes = {
				BuildIndependentTargetsInParallel = 1;
				LastSwiftUpdateCheck = 1310;
				LastUpgradeCheck = 1310;
				TargetAttributes = {
					C06F3263275E4F1500F4A97E = {
						CreatedOnToolsVersion = 13.1;
					};
				};
			};
			buildConfigurationList = C06F325F275E4F1500F4A97E /* Build configuration list for PBXProject "Tita" */;
			compatibilityVersion = "Xcode 13.0";
			developmentRegion = en;
			hasScannedForEncodings = 0;
			knownRegions = (
				en,
				Base,
			);
			mainGroup = C06F325B275E4F1500F4A97E;
			productRefGroup = C06F3265275E4F1500F4A97E /* Products */;
			projectDirPath = "";
			projectRoot = "";
			targets = (
				C06F3263275E4F1500F4A97E /* Tita */,
			);
		};
/* End PBXProject section */

/* Begin PBXResourcesBuildPhase section */
		C06F3262275E4F1500F4A97E /* Resources */ = {
			isa = PBXResourcesBuildPhase;
			buildActionMask = 2147483647;
			files = (
				C06F3280275E532100F4A97E /* NotoSans-Bold.ttf in Resources */,
				C06F3274275E4F1500F4A97E /* LaunchScreen.storyboard in Resources */,
				C06F3281275E532400F4A97E /* NotoSans-BoldItalic.ttf in Resources */,
				C06F3282275E532700F4A97E /* NotoSans-Italic.ttf in Resources */,
				C06F3271275E4F1500F4A97E /* Assets.xcassets in Resources */,
				C06F3283275E532A00F4A97E /* NotoSans-Regular.ttf in Resources */,
			);
			runOnlyForDeploymentPostprocessing = 0;
		};
/* End PBXResourcesBuildPhase section */

/* Begin PBXShellScriptBuildPhase section */
		2204C25D2A6297F8B4529AE9 /* [CP] Embed Pods Frameworks */ = {
			isa = PBXShellScriptBuildPhase;
			buildActionMask = 2147483647;
			files = (
			);
			inputFileListPaths = (
				"${PODS_ROOT}/Target Support Files/Pods-Tita/Pods-Tita-frameworks-${CONFIGURATION}-input-files.xcfilelist",
			);
			name = "[CP] Embed Pods Frameworks";
			outputFileListPaths = (
				"${PODS_ROOT}/Target Support Files/Pods-Tita/Pods-Tita-frameworks-${CONFIGURATION}-output-files.xcfilelist",
			);
			runOnlyForDeploymentPostprocessing = 0;
			shellPath = /bin/sh;
			shellScript = "\"${PODS_ROOT}/Target Support Files/Pods-Tita/Pods-Tita-frameworks.sh\"\n";
			showEnvVarsInLog = 0;
		};
		55C47FABA38FF17C0A53191D /* [CP] Check Pods Manifest.lock */ = {
			isa = PBXShellScriptBuildPhase;
			buildActionMask = 2147483647;
			files = (
			);
			inputFileListPaths = (
			);
			inputPaths = (
				"${PODS_PODFILE_DIR_PATH}/Podfile.lock",
				"${PODS_ROOT}/Manifest.lock",
			);
			name = "[CP] Check Pods Manifest.lock";
			outputFileListPaths = (
			);
			outputPaths = (
				"$(DERIVED_FILE_DIR)/Pods-Tita-checkManifestLockResult.txt",
			);
			runOnlyForDeploymentPostprocessing = 0;
			shellPath = /bin/sh;
			shellScript = "diff \"${PODS_PODFILE_DIR_PATH}/Podfile.lock\" \"${PODS_ROOT}/Manifest.lock\" > /dev/null\nif [ $? != 0 ] ; then\n    # print error to STDERR\n    echo \"error: The sandbox is not in sync with the Podfile.lock. Run 'pod install' or update your CocoaPods installation.\" >&2\n    exit 1\nfi\n# This output is used by Xcode 'outputs' to avoid re-running this script phase.\necho \"SUCCESS\" > \"${SCRIPT_OUTPUT_FILE_0}\"\n";
			showEnvVarsInLog = 0;
		};
/* End PBXShellScriptBuildPhase section */

/* Begin PBXSourcesBuildPhase section */
		C06F3260275E4F1500F4A97E /* Sources */ = {
			isa = PBXSourcesBuildPhase;
			buildActionMask = 2147483647;
			files = (
				AAB6A9602796D8A800DE26C6 /* LoginButton.swift in Sources */,
				C06F3268275E4F1500F4A97E /* AppDelegate.swift in Sources */,
				C0525E5E2792B6E2004FD735 /* MenuCollectionViewCell.swift in Sources */,
				C06F326A275E4F1500F4A97E /* SceneDelegate.swift in Sources */,
				C0525E622793E99F004FD735 /* MainPostTableViewCell.swift in Sources */,
				C059093F2794E0A1002C9056 /* NoticeLabelView.swift in Sources */,
				C00F5A7D27904747002B34DF /* MainTopView.swift in Sources */,
				AA3837AC275E5960005C0323 /* Extension.swift in Sources */,
				C0DBC1E7278C4E0900E310D8 /* MainViewController.swift in Sources */,
				C0D1328927A42916003E4811 /* BirthDateViewController.swift in Sources */,
				C0D1328727A29930003E4811 /* SignUpDescriptionView.swift in Sources */,
				AAB6A964279809E700DE26C6 /* LoginTextField.swift in Sources */,
				C0525E6427947431004FD735 /* EmptyPostView.swift in Sources */,
				C0D1328527A295E1003E4811 /* TermsAgreementViewController.swift in Sources */,
				AAB6A9622798066900DE26C6 /* LoginViewController.swift in Sources */,
			);
			runOnlyForDeploymentPostprocessing = 0;
		};
/* End PBXSourcesBuildPhase section */

/* Begin PBXVariantGroup section */
		C06F3272275E4F1500F4A97E /* LaunchScreen.storyboard */ = {
			isa = PBXVariantGroup;
			children = (
				C06F3273275E4F1500F4A97E /* Base */,
			);
			name = LaunchScreen.storyboard;
			sourceTree = "<group>";
		};
/* End PBXVariantGroup section */

/* Begin XCBuildConfiguration section */
		C06F3276275E4F1500F4A97E /* Debug */ = {
			isa = XCBuildConfiguration;
			buildSettings = {
				ALWAYS_SEARCH_USER_PATHS = NO;
				CLANG_ANALYZER_NONNULL = YES;
				CLANG_ANALYZER_NUMBER_OBJECT_CONVERSION = YES_AGGRESSIVE;
				CLANG_CXX_LANGUAGE_STANDARD = "gnu++17";
				CLANG_CXX_LIBRARY = "libc++";
				CLANG_ENABLE_MODULES = YES;
				CLANG_ENABLE_OBJC_ARC = YES;
				CLANG_ENABLE_OBJC_WEAK = YES;
				CLANG_WARN_BLOCK_CAPTURE_AUTORELEASING = YES;
				CLANG_WARN_BOOL_CONVERSION = YES;
				CLANG_WARN_COMMA = YES;
				CLANG_WARN_CONSTANT_CONVERSION = YES;
				CLANG_WARN_DEPRECATED_OBJC_IMPLEMENTATIONS = YES;
				CLANG_WARN_DIRECT_OBJC_ISA_USAGE = YES_ERROR;
				CLANG_WARN_DOCUMENTATION_COMMENTS = YES;
				CLANG_WARN_EMPTY_BODY = YES;
				CLANG_WARN_ENUM_CONVERSION = YES;
				CLANG_WARN_INFINITE_RECURSION = YES;
				CLANG_WARN_INT_CONVERSION = YES;
				CLANG_WARN_NON_LITERAL_NULL_CONVERSION = YES;
				CLANG_WARN_OBJC_IMPLICIT_RETAIN_SELF = YES;
				CLANG_WARN_OBJC_LITERAL_CONVERSION = YES;
				CLANG_WARN_OBJC_ROOT_CLASS = YES_ERROR;
				CLANG_WARN_QUOTED_INCLUDE_IN_FRAMEWORK_HEADER = YES;
				CLANG_WARN_RANGE_LOOP_ANALYSIS = YES;
				CLANG_WARN_STRICT_PROTOTYPES = YES;
				CLANG_WARN_SUSPICIOUS_MOVE = YES;
				CLANG_WARN_UNGUARDED_AVAILABILITY = YES_AGGRESSIVE;
				CLANG_WARN_UNREACHABLE_CODE = YES;
				CLANG_WARN__DUPLICATE_METHOD_MATCH = YES;
				COPY_PHASE_STRIP = NO;
				DEBUG_INFORMATION_FORMAT = dwarf;
				ENABLE_STRICT_OBJC_MSGSEND = YES;
				ENABLE_TESTABILITY = YES;
				GCC_C_LANGUAGE_STANDARD = gnu11;
				GCC_DYNAMIC_NO_PIC = NO;
				GCC_NO_COMMON_BLOCKS = YES;
				GCC_OPTIMIZATION_LEVEL = 0;
				GCC_PREPROCESSOR_DEFINITIONS = (
					"DEBUG=1",
					"$(inherited)",
				);
				GCC_WARN_64_TO_32_BIT_CONVERSION = YES;
				GCC_WARN_ABOUT_RETURN_TYPE = YES_ERROR;
				GCC_WARN_UNDECLARED_SELECTOR = YES;
				GCC_WARN_UNINITIALIZED_AUTOS = YES_AGGRESSIVE;
				GCC_WARN_UNUSED_FUNCTION = YES;
				GCC_WARN_UNUSED_VARIABLE = YES;
				IPHONEOS_DEPLOYMENT_TARGET = 15.0;
				MTL_ENABLE_DEBUG_INFO = INCLUDE_SOURCE;
				MTL_FAST_MATH = YES;
				ONLY_ACTIVE_ARCH = YES;
				SDKROOT = iphoneos;
				SWIFT_ACTIVE_COMPILATION_CONDITIONS = DEBUG;
				SWIFT_OPTIMIZATION_LEVEL = "-Onone";
			};
			name = Debug;
		};
		C06F3277275E4F1500F4A97E /* Release */ = {
			isa = XCBuildConfiguration;
			buildSettings = {
				ALWAYS_SEARCH_USER_PATHS = NO;
				CLANG_ANALYZER_NONNULL = YES;
				CLANG_ANALYZER_NUMBER_OBJECT_CONVERSION = YES_AGGRESSIVE;
				CLANG_CXX_LANGUAGE_STANDARD = "gnu++17";
				CLANG_CXX_LIBRARY = "libc++";
				CLANG_ENABLE_MODULES = YES;
				CLANG_ENABLE_OBJC_ARC = YES;
				CLANG_ENABLE_OBJC_WEAK = YES;
				CLANG_WARN_BLOCK_CAPTURE_AUTORELEASING = YES;
				CLANG_WARN_BOOL_CONVERSION = YES;
				CLANG_WARN_COMMA = YES;
				CLANG_WARN_CONSTANT_CONVERSION = YES;
				CLANG_WARN_DEPRECATED_OBJC_IMPLEMENTATIONS = YES;
				CLANG_WARN_DIRECT_OBJC_ISA_USAGE = YES_ERROR;
				CLANG_WARN_DOCUMENTATION_COMMENTS = YES;
				CLANG_WARN_EMPTY_BODY = YES;
				CLANG_WARN_ENUM_CONVERSION = YES;
				CLANG_WARN_INFINITE_RECURSION = YES;
				CLANG_WARN_INT_CONVERSION = YES;
				CLANG_WARN_NON_LITERAL_NULL_CONVERSION = YES;
				CLANG_WARN_OBJC_IMPLICIT_RETAIN_SELF = YES;
				CLANG_WARN_OBJC_LITERAL_CONVERSION = YES;
				CLANG_WARN_OBJC_ROOT_CLASS = YES_ERROR;
				CLANG_WARN_QUOTED_INCLUDE_IN_FRAMEWORK_HEADER = YES;
				CLANG_WARN_RANGE_LOOP_ANALYSIS = YES;
				CLANG_WARN_STRICT_PROTOTYPES = YES;
				CLANG_WARN_SUSPICIOUS_MOVE = YES;
				CLANG_WARN_UNGUARDED_AVAILABILITY = YES_AGGRESSIVE;
				CLANG_WARN_UNREACHABLE_CODE = YES;
				CLANG_WARN__DUPLICATE_METHOD_MATCH = YES;
				COPY_PHASE_STRIP = NO;
				DEBUG_INFORMATION_FORMAT = "dwarf-with-dsym";
				ENABLE_NS_ASSERTIONS = NO;
				ENABLE_STRICT_OBJC_MSGSEND = YES;
				GCC_C_LANGUAGE_STANDARD = gnu11;
				GCC_NO_COMMON_BLOCKS = YES;
				GCC_WARN_64_TO_32_BIT_CONVERSION = YES;
				GCC_WARN_ABOUT_RETURN_TYPE = YES_ERROR;
				GCC_WARN_UNDECLARED_SELECTOR = YES;
				GCC_WARN_UNINITIALIZED_AUTOS = YES_AGGRESSIVE;
				GCC_WARN_UNUSED_FUNCTION = YES;
				GCC_WARN_UNUSED_VARIABLE = YES;
				IPHONEOS_DEPLOYMENT_TARGET = 15.0;
				MTL_ENABLE_DEBUG_INFO = NO;
				MTL_FAST_MATH = YES;
				SDKROOT = iphoneos;
				SWIFT_COMPILATION_MODE = wholemodule;
				SWIFT_OPTIMIZATION_LEVEL = "-O";
				VALIDATE_PRODUCT = YES;
			};
			name = Release;
		};
		C06F3279275E4F1500F4A97E /* Debug */ = {
			isa = XCBuildConfiguration;
			baseConfigurationReference = 113E1EBF524BAD834CEFC395 /* Pods-Tita.debug.xcconfig */;
			buildSettings = {
				ASSETCATALOG_COMPILER_APPICON_NAME = AppIcon;
				ASSETCATALOG_COMPILER_GLOBAL_ACCENT_COLOR_NAME = AccentColor;
				CODE_SIGN_STYLE = Automatic;
				CURRENT_PROJECT_VERSION = 1;
				DEVELOPMENT_TEAM = T7976S8FS6;
				GENERATE_INFOPLIST_FILE = YES;
				INFOPLIST_FILE = Tita/Info.plist;
				INFOPLIST_KEY_UIApplicationSupportsIndirectInputEvents = YES;
				INFOPLIST_KEY_UILaunchStoryboardName = LaunchScreen;
				INFOPLIST_KEY_UISupportedInterfaceOrientations_iPad = "UIInterfaceOrientationPortrait UIInterfaceOrientationPortraitUpsideDown UIInterfaceOrientationLandscapeLeft UIInterfaceOrientationLandscapeRight";
				INFOPLIST_KEY_UISupportedInterfaceOrientations_iPhone = "UIInterfaceOrientationPortrait UIInterfaceOrientationLandscapeLeft UIInterfaceOrientationLandscapeRight";
				LD_RUNPATH_SEARCH_PATHS = (
					"$(inherited)",
					"@executable_path/Frameworks",
				);
				MARKETING_VERSION = 1.0;
				PRODUCT_BUNDLE_IDENTIFIER = com.hyein.Tita;
				PRODUCT_NAME = "$(TARGET_NAME)";
				SWIFT_EMIT_LOC_STRINGS = YES;
				SWIFT_VERSION = 5.0;
				TARGETED_DEVICE_FAMILY = "1,2";
			};
			name = Debug;
		};
		C06F327A275E4F1500F4A97E /* Release */ = {
			isa = XCBuildConfiguration;
			baseConfigurationReference = CF5D6514FA08B636D80D0304 /* Pods-Tita.release.xcconfig */;
			buildSettings = {
				ASSETCATALOG_COMPILER_APPICON_NAME = AppIcon;
				ASSETCATALOG_COMPILER_GLOBAL_ACCENT_COLOR_NAME = AccentColor;
				CODE_SIGN_STYLE = Automatic;
				CURRENT_PROJECT_VERSION = 1;
				DEVELOPMENT_TEAM = T7976S8FS6;
				GENERATE_INFOPLIST_FILE = YES;
				INFOPLIST_FILE = Tita/Info.plist;
				INFOPLIST_KEY_UIApplicationSupportsIndirectInputEvents = YES;
				INFOPLIST_KEY_UILaunchStoryboardName = LaunchScreen;
				INFOPLIST_KEY_UISupportedInterfaceOrientations_iPad = "UIInterfaceOrientationPortrait UIInterfaceOrientationPortraitUpsideDown UIInterfaceOrientationLandscapeLeft UIInterfaceOrientationLandscapeRight";
				INFOPLIST_KEY_UISupportedInterfaceOrientations_iPhone = "UIInterfaceOrientationPortrait UIInterfaceOrientationLandscapeLeft UIInterfaceOrientationLandscapeRight";
				LD_RUNPATH_SEARCH_PATHS = (
					"$(inherited)",
					"@executable_path/Frameworks",
				);
				MARKETING_VERSION = 1.0;
				PRODUCT_BUNDLE_IDENTIFIER = com.hyein.Tita;
				PRODUCT_NAME = "$(TARGET_NAME)";
				SWIFT_EMIT_LOC_STRINGS = YES;
				SWIFT_VERSION = 5.0;
				TARGETED_DEVICE_FAMILY = "1,2";
			};
			name = Release;
		};
/* End XCBuildConfiguration section */

/* Begin XCConfigurationList section */
		C06F325F275E4F1500F4A97E /* Build configuration list for PBXProject "Tita" */ = {
			isa = XCConfigurationList;
			buildConfigurations = (
				C06F3276275E4F1500F4A97E /* Debug */,
				C06F3277275E4F1500F4A97E /* Release */,
			);
			defaultConfigurationIsVisible = 0;
			defaultConfigurationName = Release;
		};
		C06F3278275E4F1500F4A97E /* Build configuration list for PBXNativeTarget "Tita" */ = {
			isa = XCConfigurationList;
			buildConfigurations = (
				C06F3279275E4F1500F4A97E /* Debug */,
				C06F327A275E4F1500F4A97E /* Release */,
			);
			defaultConfigurationIsVisible = 0;
			defaultConfigurationName = Release;
		};
/* End XCConfigurationList section */
	};
	rootObject = C06F325C275E4F1500F4A97E /* Project object */;
}
